// !$*UTF8*$!
{
	archiveVersion = 1;
	classes = {
	};
	objectVersion = 46;
	objects = {

/* Begin PBXBuildFile section */
		20422D731D7FB0AB0084398D /* main.m in Sources */ = {isa = PBXBuildFile; fileRef = 20422D721D7FB0AB0084398D /* main.m */; };
		20422D761D7FB0AB0084398D /* AppDelegate.m in Sources */ = {isa = PBXBuildFile; fileRef = 20422D751D7FB0AB0084398D /* AppDelegate.m */; };
		20422D791D7FB0AB0084398D /* ViewController.m in Sources */ = {isa = PBXBuildFile; fileRef = 20422D781D7FB0AB0084398D /* ViewController.m */; };
		20422D7C1D7FB0AB0084398D /* Main.storyboard in Resources */ = {isa = PBXBuildFile; fileRef = 20422D7A1D7FB0AB0084398D /* Main.storyboard */; };
		20422D7E1D7FB0AB0084398D /* Assets.xcassets in Resources */ = {isa = PBXBuildFile; fileRef = 20422D7D1D7FB0AB0084398D /* Assets.xcassets */; };
		20422D811D7FB0AB0084398D /* LaunchScreen.storyboard in Resources */ = {isa = PBXBuildFile; fileRef = 20422D7F1D7FB0AB0084398D /* LaunchScreen.storyboard */; };
/* End PBXBuildFile section */

/* Begin PBXFileReference section */
		20422D6E1D7FB0AB0084398D /* UIScrollView复习3.app */ = {isa = PBXFileReference; explicitFileType = wrapper.application; includeInIndex = 0; path = "UIScrollView复习3.app"; sourceTree = BUILT_PRODUCTS_DIR; };
		20422D721D7FB0AB0084398D /* main.m */ = {isa = PBXFileReference; lastKnownFileType = sourcecode.c.objc; path = main.m; sourceTree = "<group>"; };
		20422D741D7FB0AB0084398D /* AppDelegate.h */ = {isa = PBXFileReference; lastKnownFileType = sourcecode.c.h; path = AppDelegate.h; sourceTree = "<group>"; };
		20422D751D7FB0AB0084398D /* AppDelegate.m */ = {isa = PBXFileReference; lastKnownFileType = sourcecode.c.objc; path = AppDelegate.m; sourceTree = "<group>"; };
		20422D771D7FB0AB0084398D /* ViewController.h */ = {isa = PBXFileReference; lastKnownFileType = sourcecode.c.h; path = ViewController.h; sourceTree = "<group>"; };
		20422D781D7FB0AB0084398D /* ViewController.m */ = {isa = PBXFileReference; lastKnownFileType = sourcecode.c.objc; path = ViewController.m; sourceTree = "<group>"; };
		20422D7B1D7FB0AB0084398D /* Base */ = {isa = PBXFileReference; lastKnownFileType = file.storyboard; name = Base; path = Base.lproj/Main.storyboard; sourceTree = "<group>"; };
		20422D7D1D7FB0AB0084398D /* Assets.xcassets */ = {isa = PBXFileReference; lastKnownFileType = folder.assetcatalog; path = Assets.xcassets; sourceTree = "<group>"; };
		20422D801D7FB0AB0084398D /* Base */ = {isa = PBXFileReference; lastKnownFileType = file.storyboard; name = Base; path = Base.lproj/LaunchScreen.storyboard; sourceTree = "<group>"; };
		20422D821D7FB0AB0084398D /* Info.plist */ = {isa = PBXFileReference; lastKnownFileType = text.plist.xml; path = Info.plist; sourceTree = "<group>"; };
/* End PBXFileReference section */

/* Begin PBXFrameworksBuildPhase section */
		20422D6B1D7FB0AB0084398D /* Frameworks */ = {
			isa = PBXFrameworksBuildPhase;
			buildActionMask = 2147483647;
			files = (
			);
			runOnlyForDeploymentPostprocessing = 0;
		};
/* End PBXFrameworksBuildPhase section */

/* Begin PBXGroup section */
		20422D651D7FB0AB0084398D = {
			isa = PBXGroup;
			children = (
				20422D701D7FB0AB0084398D /* UIScrollView复习3 */,
				20422D6F1D7FB0AB0084398D /* Products */,
			);
			sourceTree = "<group>";
		};
		20422D6F1D7FB0AB0084398D /* Products */ = {
			isa = PBXGroup;
			children = (
				20422D6E1D7FB0AB0084398D /* UIScrollView复习3.app */,
			);
			name = Products;
			sourceTree = "<group>";
		};
		20422D701D7FB0AB0084398D /* UIScrollView复习3 */ = {
			isa = PBXGroup;
			children = (
				20422D741D7FB0AB0084398D /* AppDelegate.h */,
				20422D751D7FB0AB0084398D /* AppDelegate.m */,
				20422D771D7FB0AB0084398D /* ViewController.h */,
				20422D781D7FB0AB0084398D /* ViewController.m */,
				20422D7A1D7FB0AB0084398D /* Main.storyboard */,
				20422D7D1D7FB0AB0084398D /* Assets.xcassets */,
				20422D7F1D7FB0AB0084398D /* LaunchScreen.storyboard */,
				20422D821D7FB0AB0084398D /* Info.plist */,
				20422D711D7FB0AB0084398D /* Supporting Files */,
			);
			path = "UIScrollView复习3";
			sourceTree = "<group>";
		};
		20422D711D7FB0AB0084398D /* Supporting Files */ = {
			isa = PBXGroup;
			children = (
				20422D721D7FB0AB0084398D /* main.m */,
			);
			name = "Supporting Files";
			sourceTree = "<group>";
		};
/* End PBXGroup section */

/* Begin PBXNativeTarget section */
		20422D6D1D7FB0AB0084398D /* UIScrollView复习3 */ = {
			isa = PBXNativeTarget;
			buildConfigurationList = 20422D851D7FB0AB0084398D /* Build configuration list for PBXNativeTarget "UIScrollView复习3" */;
			buildPhases = (
				20422D6A1D7FB0AB0084398D /* Sources */,
				20422D6B1D7FB0AB0084398D /* Frameworks */,
				20422D6C1D7FB0AB0084398D /* Resources */,
			);
			buildRules = (
			);
			dependencies = (
			);
			name = "UIScrollView复习3";
			productName = "UIScrollView复习3";
			productReference = 20422D6E1D7FB0AB0084398D /* UIScrollView复习3.app */;
			productType = "com.apple.product-type.application";
		};
/* End PBXNativeTarget section */

/* Begin PBXProject section */
		20422D661D7FB0AB0084398D /* Project object */ = {
			isa = PBXProject;
			attributes = {
				LastUpgradeCheck = 0730;
				ORGANIZATIONNAME = Liuxingchen;
				TargetAttributes = {
					20422D6D1D7FB0AB0084398D = {
						CreatedOnToolsVersion = 7.3.1;
					};
				};
			};
			buildConfigurationList = 20422D691D7FB0AB0084398D /* Build configuration list for PBXProject "UIScrollView复习3" */;
			compatibilityVersion = "Xcode 3.2";
			developmentRegion = English;
			hasScannedForEncodings = 0;
			knownRegions = (
				en,
				Base,
			);
			mainGroup = 20422D651D7FB0AB0084398D;
			productRefGroup = 20422D6F1D7FB0AB0084398D /* Products */;
			projectDirPath = "";
			projectRoot = "";
			targets = (
				20422D6D1D7FB0AB0084398D /* UIScrollView复习3 */,
			);
		};
/* End PBXProject section */

/* Begin PBXResourcesBuildPhase section */
		20422D6C1D7FB0AB0084398D /* Resources */ = {
			isa = PBXResourcesBuildPhase;
			buildActionMask = 2147483647;
			files = (
				20422D811D7FB0AB0084398D /* LaunchScreen.storyboard in Resources */,
				20422D7E1D7FB0AB0084398D /* Assets.xcassets in Resources */,
				20422D7C1D7FB0AB0084398D /* Main.storyboard in Resources */,
			);
			runOnlyForDeploymentPostprocessing = 0;
		};
/* End PBXResourcesBuildPhase section */

/* Begin PBXSourcesBuildPhase section */
		20422D6A1D7FB0AB0084398D /* Sources */ = {
			isa = PBXSourcesBuildPhase;
			buildActionMask = 2147483647;
			files = (
				20422D791D7FB0AB0084398D /* ViewController.m in Sources */,
				20422D761D7FB0AB0084398D /* AppDelegate.m in Sources */,
				20422D731D7FB0AB0084398D /* main.m in Sources */,
			);
			runOnlyForDeploymentPostprocessing = 0;
		};
/* End PBXSourcesBuildPhase section */

/* Begin PBXVariantGroup section */
		20422D7A1D7FB0AB0084398D /* Main.storyboard */ = {
			isa = PBXVariantGroup;
			children = (
				20422D7B1D7FB0AB0084398D /* Base */,
			);
			name = Main.storyboard;
			sourceTree = "<group>";
		};
		20422D7F1D7FB0AB0084398D /* LaunchScreen.storyboard */ = {
			isa = PBXVariantGroup;
			children = (
				20422D801D7FB0AB0084398D /* Base */,
			);
			name = LaunchScreen.storyboard;
			sourceTree = "<group>";
		};
/* End PBXVariantGroup section */

/* Begin XCBuildConfiguration section */
		20422D831D7FB0AB0084398D /* Debug */ = {
			isa = XCBuildConfiguration;
			buildSettings = {
				ALWAYS_SEARCH_USER_PATHS = NO;
				CLANG_ANALYZER_NONNULL = YES;
				CLANG_CXX_LANGUAGE_STANDARD = "gnu++0x";
				CLANG_CXX_LIBRARY = "libc++";
				CLANG_ENABLE_MODULES = YES;
				CLANG_ENABLE_OBJC_ARC = YES;
				CLANG_WARN_BOOL_CONVERSION = YES;
				CLANG_WARN_CONSTANT_CONVERSION = YES;
				CLANG_WARN_DIRECT_OBJC_ISA_USAGE = YES_ERROR;
				CLANG_WARN_EMPTY_BODY = YES;
				CLANG_WARN_ENUM_CONVERSION = YES;
				CLANG_WARN_INT_CONVERSION = YES;
				CLANG_WARN_OBJC_ROOT_CLASS = YES_ERROR;
				CLANG_WARN_UNREACHABLE_CODE = YES;
				CLANG_WARN__DUPLICATE_METHOD_MATCH = YES;
				"CODE_SIGN_IDENTITY[sdk=iphoneos*]" = "iPhone Developer";
				COPY_PHASE_STRIP = NO;
				DEBUG_INFORMATION_FORMAT = dwarf;
				ENABLE_STRICT_OBJC_MSGSEND = YES;
				ENABLE_TESTABILITY = YES;
				GCC_C_LANGUAGE_STANDARD = gnu99;
				GCC_DYNAMIC_NO_PIC = NO;
				GCC_NO_COMMON_BLOCKS = YES;
				GCC_OPTIMIZATION_LEVEL = 0;
				GCC_PREPROCESSOR_DEFINITIONS = (
					"DEBUG=1",
					"$(inherited)",
				);
				GCC_WARN_64_TO_32_BIT_CONVERSION = YES;
				GCC_WARN_ABOUT_RETURN_TYPE = YES_ERROR;
				GCC_WARN_UNDECLARED_SELECTOR = YES;
				GCC_WARN_UNINITIALIZED_AUTOS = YES_AGGRESSIVE;
				GCC_WARN_UNUSED_FUNCTION = YES;
				GCC_WARN_UNUSED_VARIABLE = YES;
				IPHONEOS_DEPLOYMENT_TARGET = 9.3;
				MTL_ENABLE_DEBUG_INFO = YES;
				ONLY_ACTIVE_ARCH = YES;
				SDKROOT = iphoneos;
			};
			name = Debug;
		};
		20422D841D7FB0AB0084398D /* Release */ = {
			isa = XCBuildConfiguration;
			buildSettings = {
				ALWAYS_SEARCH_USER_PATHS = NO;
				CLANG_ANALYZER_NONNULL = YES;
				CLANG_CXX_LANGUAGE_STANDARD = "gnu++0x";
				CLANG_CXX_LIBRARY = "libc++";
				CLANG_ENABLE_MODULES = YES;
				CLANG_ENABLE_OBJC_ARC = YES;
				CLANG_WARN_BOOL_CONVERSION = YES;
				CLANG_WARN_CONSTANT_CONVERSION = YES;
				CLANG_WARN_DIRECT_OBJC_ISA_USAGE = YES_ERROR;
				CLANG_WARN_EMPTY_BODY = YES;
				CLANG_WARN_ENUM_CONVERSION = YES;
				CLANG_WARN_INT_CONVERSION = YES;
				CLANG_WARN_OBJC_ROOT_CLASS = YES_ERROR;
				CLANG_WARN_UNREACHABLE_CODE = YES;
				CLANG_WARN__DUPLICATE_METHOD_MATCH = YES;
				"CODE_SIGN_IDENTITY[sdk=iphoneos*]" = "iPhone Developer";
				COPY_PHASE_STRIP = NO;
				DEBUG_INFORMATION_FORMAT = "dwarf-with-dsym";
				ENABLE_NS_ASSERTIONS = NO;
				ENABLE_STRICT_OBJC_MSGSEND = YES;
				GCC_C_LANGUAGE_STANDARD = gnu99;
				GCC_NO_COMMON_BLOCKS = YES;
				GCC_WARN_64_TO_32_BIT_CONVERSION = YES;
				GCC_WARN_ABOUT_RETURN_TYPE = YES_ERROR;
				GCC_WARN_UNDECLARED_SELECTOR = YES;
				GCC_WARN_UNINITIALIZED_AUTOS = YES_AGGRESSIVE;
				GCC_WARN_UNUSED_FUNCTION = YES;
				GCC_WARN_UNUSED_VARIABLE = YES;
				IPHONEOS_DEPLOYMENT_TARGET = 9.3;
				MTL_ENABLE_DEBUG_INFO = NO;
				SDKROOT = iphoneos;
				VALIDATE_PRODUCT = YES;
			};
			name = Release;
		};
		20422D861D7FB0AB0084398D /* Debug */ = {
			isa = XCBuildConfiguration;
			buildSettings = {
				ASSETCATALOG_COMPILER_APPICON_NAME = AppIcon;
				INFOPLIST_FILE = "UIScrollView复习3/Info.plist";
				LD_RUNPATH_SEARCH_PATHS = "$(inherited) @executable_path/Frameworks";
				PRODUCT_BUNDLE_IDENTIFIER = "net.intelet.UIScrollView--3";
				PRODUCT_NAME = "$(TARGET_NAME)";
			};
			name = Debug;
		};
		20422D871D7FB0AB0084398D /* Release */ = {
			isa = XCBuildConfiguration;
			buildSettings = {
				ASSETCATALOG_COMPILER_APPICON_NAME = AppIcon;
				INFOPLIST_FILE = "UIScrollView复习3/Info.plist";
				LD_RUNPATH_SEARCH_PATHS = "$(inherited) @executable_path/Frameworks";
				PRODUCT_BUNDLE_IDENTIFIER = "net.intelet.UIScrollView--3";
				PRODUCT_NAME = "$(TARGET_NAME)";
			};
			name = Release;
		};
/* End XCBuildConfiguration section */

/* Begin XCConfigurationList section */
		20422D691D7FB0AB0084398D /* Build configuration list for PBXProject "UIScrollView复习3" */ = {
			isa = XCConfigurationList;
			buildConfigurations = (
				20422D831D7FB0AB0084398D /* Debug */,
				20422D841D7FB0AB0084398D /* Release */,
			);
			defaultConfigurationIsVisible = 0;
			defaultConfigurationName = Release;
		};
		20422D851D7FB0AB0084398D /* Build configuration list for PBXNativeTarget "UIScrollView复习3" */ = {
			isa = XCConfigurationList;
			buildConfigurations = (
				20422D861D7FB0AB0084398D /* Debug */,
				20422D871D7FB0AB0084398D /* Release */,
			);
			defaultConfigurationIsVisible = 0;
		};
/* End XCConfigurationList section */
	};
	rootObject = 20422D661D7FB0AB0084398D /* Project object */;
}
